{
  "name": "Angular_June_23",
  "lockfileVersion": 3,
  "requires": true,
  "packages": {
    "": {
      "dependencies": {
        "agm": "^0.0.0"
      }
    },
    "node_modules/agm": {
      "version": "0.0.0",
      "resolved": "https://registry.npmjs.org/agm/-/agm-0.0.0.tgz",
      "integrity": "sha512-b4ujXdC4pXRHdYdcxMLb30D06rDJ6AfkysNiX2qTKVbUsz4PJv864C13ARQzWcVI+i39OVAsIeGcuHeqPQ8j+A=="
    }
  }
}
